
Microsoft Visual Studio Solution File, Format Version 12.00
# Visual Studio Version 17
VisualStudioVersion = 17.4.33122.133
MinimumVisualStudioVersion = 10.0.40219.1
Project("{FAE04EC0-301F-11D3-BF4B-00C04F79EFBC}") = "Methods_at_school", "Methods_at_school.csproj", "{E9AD60FE-BC1E-4088-A8F7-B2D0CF177DBF}"
EndProject
Global
	GlobalSection(SolutionConfigurationPlatforms) = preSolution
		Debug|Any CPU = Debug|Any CPU
		Release|Any CPU = Release|Any CPU
	EndGlobalSection
	GlobalSection(ProjectConfigurationPlatforms) = postSolution
		{E9AD60FE-BC1E-4088-A8F7-B2D0CF177DBF}.Debug|Any CPU.ActiveCfg = Debug|Any CPU
		{E9AD60FE-BC1E-4088-A8F7-B2D0CF177DBF}.Debug|Any CPU.Build.0 = Debug|Any CPU
		{E9AD60FE-BC1E-4088-A8F7-B2D0CF177DBF}.Release|Any CPU.ActiveCfg = Release|Any CPU
		{E9AD60FE-BC1E-4088-A8F7-B2D0CF177DBF}.Release|Any CPU.Build.0 = Release|Any CPU
	EndGlobalSection
	GlobalSection(SolutionProperties) = preSolution
		HideSolutionNode = FALSE
	EndGlobalSection
	GlobalSection(ExtensibilityGlobals) = postSolution
		SolutionGuid = {55A518FA-F187-4C6C-8241-0CA3D773FE99}
	EndGlobalSection
EndGlobal
