
Microsoft Visual Studio Solution File, Format Version 12.00
# Visual Studio Version 17
VisualStudioVersion = 17.4.33122.133
MinimumVisualStudioVersion = 10.0.40219.1
Project("{FAE04EC0-301F-11D3-BF4B-00C04F79EFBC}") = "Obsh_a_objem", "Obsh_a_objem\Obsh_a_objem.csproj", "{50475EC4-D1D7-4A73-98D2-2B2EA8494B85}"
EndProject
Global
	GlobalSection(SolutionConfigurationPlatforms) = preSolution
		Debug|Any CPU = Debug|Any CPU
		Release|Any CPU = Release|Any CPU
	EndGlobalSection
	GlobalSection(ProjectConfigurationPlatforms) = postSolution
		{50475EC4-D1D7-4A73-98D2-2B2EA8494B85}.Debug|Any CPU.ActiveCfg = Debug|Any CPU
		{50475EC4-D1D7-4A73-98D2-2B2EA8494B85}.Debug|Any CPU.Build.0 = Debug|Any CPU
		{50475EC4-D1D7-4A73-98D2-2B2EA8494B85}.Release|Any CPU.ActiveCfg = Release|Any CPU
		{50475EC4-D1D7-4A73-98D2-2B2EA8494B85}.Release|Any CPU.Build.0 = Release|Any CPU
	EndGlobalSection
	GlobalSection(SolutionProperties) = preSolution
		HideSolutionNode = FALSE
	EndGlobalSection
	GlobalSection(ExtensibilityGlobals) = postSolution
		SolutionGuid = {766E873E-149D-4546-81EA-03FA12AFC9D1}
	EndGlobalSection
EndGlobal
