
Microsoft Visual Studio Solution File, Format Version 12.00
# Visual Studio Version 17
VisualStudioVersion = 17.6.33723.286
MinimumVisualStudioVersion = 10.0.40219.1
Project("{FAE04EC0-301F-11D3-BF4B-00C04F79EFBC}") = "WebApplication1", "WebApplication1.csproj", "{2C29A2BD-A3BB-44E5-82A2-11CB1C2CF0D7}"
EndProject
Global
	GlobalSection(SolutionConfigurationPlatforms) = preSolution
		Debug|Any CPU = Debug|Any CPU
		Release|Any CPU = Release|Any CPU
	EndGlobalSection
	GlobalSection(ProjectConfigurationPlatforms) = postSolution
		{2C29A2BD-A3BB-44E5-82A2-11CB1C2CF0D7}.Debug|Any CPU.ActiveCfg = Debug|Any CPU
		{2C29A2BD-A3BB-44E5-82A2-11CB1C2CF0D7}.Debug|Any CPU.Build.0 = Debug|Any CPU
		{2C29A2BD-A3BB-44E5-82A2-11CB1C2CF0D7}.Release|Any CPU.ActiveCfg = Release|Any CPU
		{2C29A2BD-A3BB-44E5-82A2-11CB1C2CF0D7}.Release|Any CPU.Build.0 = Release|Any CPU
	EndGlobalSection
	GlobalSection(SolutionProperties) = preSolution
		HideSolutionNode = FALSE
	EndGlobalSection
	GlobalSection(ExtensibilityGlobals) = postSolution
		SolutionGuid = {B5C5A668-FD5B-4FA8-9A7F-22E002CCB398}
	EndGlobalSection
EndGlobal
