
Microsoft Visual Studio Solution File, Format Version 12.00
# Visual Studio Version 17
VisualStudioVersion = 17.4.33122.133
MinimumVisualStudioVersion = 10.0.40219.1
Project("{FAE04EC0-301F-11D3-BF4B-00C04F79EFBC}") = "pole", "pole\pole.csproj", "{2F4DBB06-F924-4756-B5CC-DCB5D7E545BC}"
EndProject
Global
	GlobalSection(SolutionConfigurationPlatforms) = preSolution
		Debug|Any CPU = Debug|Any CPU
		Release|Any CPU = Release|Any CPU
	EndGlobalSection
	GlobalSection(ProjectConfigurationPlatforms) = postSolution
		{2F4DBB06-F924-4756-B5CC-DCB5D7E545BC}.Debug|Any CPU.ActiveCfg = Debug|Any CPU
		{2F4DBB06-F924-4756-B5CC-DCB5D7E545BC}.Debug|Any CPU.Build.0 = Debug|Any CPU
		{2F4DBB06-F924-4756-B5CC-DCB5D7E545BC}.Release|Any CPU.ActiveCfg = Release|Any CPU
		{2F4DBB06-F924-4756-B5CC-DCB5D7E545BC}.Release|Any CPU.Build.0 = Release|Any CPU
	EndGlobalSection
	GlobalSection(SolutionProperties) = preSolution
		HideSolutionNode = FALSE
	EndGlobalSection
	GlobalSection(ExtensibilityGlobals) = postSolution
		SolutionGuid = {B9F2F97F-F795-4D9D-8992-05E44D97A199}
	EndGlobalSection
EndGlobal
