
Microsoft Visual Studio Solution File, Format Version 12.00
# Visual Studio Version 17
VisualStudioVersion = 17.4.33122.133
MinimumVisualStudioVersion = 10.0.40219.1
Project("{FAE04EC0-301F-11D3-BF4B-00C04F79EFBC}") = "LearningWinForm", "LearningWinForm.csproj", "{F642EC9D-3D98-45CE-B99F-1F9B831E9762}"
EndProject
Global
	GlobalSection(SolutionConfigurationPlatforms) = preSolution
		Debug|Any CPU = Debug|Any CPU
		Release|Any CPU = Release|Any CPU
	EndGlobalSection
	GlobalSection(ProjectConfigurationPlatforms) = postSolution
		{F642EC9D-3D98-45CE-B99F-1F9B831E9762}.Debug|Any CPU.ActiveCfg = Debug|Any CPU
		{F642EC9D-3D98-45CE-B99F-1F9B831E9762}.Debug|Any CPU.Build.0 = Debug|Any CPU
		{F642EC9D-3D98-45CE-B99F-1F9B831E9762}.Release|Any CPU.ActiveCfg = Release|Any CPU
		{F642EC9D-3D98-45CE-B99F-1F9B831E9762}.Release|Any CPU.Build.0 = Release|Any CPU
	EndGlobalSection
	GlobalSection(SolutionProperties) = preSolution
		HideSolutionNode = FALSE
	EndGlobalSection
	GlobalSection(ExtensibilityGlobals) = postSolution
		SolutionGuid = {682E3779-822A-4F3C-8DBD-BAE76C93E719}
	EndGlobalSection
EndGlobal
